
Microsoft Visual Studio Solution File, Format Version 12.00
# Visual Studio Version 17
VisualStudioVersion = 17.9.34723.18
MinimumVisualStudioVersion = 10.0.40219.1
Project("{FAE04EC0-301F-11D3-BF4B-00C04F79EFBC}") = "Assignment_0409", "Assignment_0409\Assignment_0409.csproj", "{667EE05D-029C-4ACD-A921-726EBCE8A249}"
EndProject
Global
	GlobalSection(SolutionConfigurationPlatforms) = preSolution
		Debug|Any CPU = Debug|Any CPU
		Release|Any CPU = Release|Any CPU
	EndGlobalSection
	GlobalSection(ProjectConfigurationPlatforms) = postSolution
		{667EE05D-029C-4ACD-A921-726EBCE8A249}.Debug|Any CPU.ActiveCfg = Debug|Any CPU
		{667EE05D-029C-4ACD-A921-726EBCE8A249}.Debug|Any CPU.Build.0 = Debug|Any CPU
		{667EE05D-029C-4ACD-A921-726EBCE8A249}.Release|Any CPU.ActiveCfg = Release|Any CPU
		{667EE05D-029C-4ACD-A921-726EBCE8A249}.Release|Any CPU.Build.0 = Release|Any CPU
	EndGlobalSection
	GlobalSection(SolutionProperties) = preSolution
		HideSolutionNode = FALSE
	EndGlobalSection
	GlobalSection(ExtensibilityGlobals) = postSolution
		SolutionGuid = {E38683FD-B325-433C-9C75-71F6B44B2341}
	EndGlobalSection
EndGlobal
